
Microsoft Visual Studio Solution File, Format Version 12.00
# Visual Studio 2013
VisualStudioVersion = 12.0.30501.0
MinimumVisualStudioVersion = 10.0.40219.1
Project("{FAE04EC0-301F-11D3-BF4B-00C04F79EFBC}") = "Messages", "Messages\Messages.csproj", "{BB4F7CCC-4635-489E-8543-9E9133D17A04}"
EndProject
Project("{FAE04EC0-301F-11D3-BF4B-00C04F79EFBC}") = "UniMoveStationWF", "UniMoveStationWF\UniMoveStationWF.csproj", "{29EE163E-1E4F-41C6-8FE6-179FBBB2174C}"
EndProject
Project("{FAE04EC0-301F-11D3-BF4B-00C04F79EFBC}") = "UniMoveStationWPF", "UniMoveStationWPF\UniMoveStationWPF.csproj", "{EE76645A-E304-4E1E-BDAC-A54BA4085950}"
EndProject
Project("{FAE04EC0-301F-11D3-BF4B-00C04F79EFBC}") = "CLEyeImage", "CLEyeImage\CLEyeImage.csproj", "{5A69C22F-11D5-4A20-81CD-B3C3ABC380C7}"
EndProject
Project("{FAE04EC0-301F-11D3-BF4B-00C04F79EFBC}") = "UniMoveStationMvvm", "UniMoveStationMvvm\UniMoveStationMvvm.csproj", "{73B999A5-065D-4305-9521-55BB0E2FD2D8}"
EndProject
Global
	GlobalSection(SolutionConfigurationPlatforms) = preSolution
		Debug|Any CPU = Debug|Any CPU
		Debug|ARM = Debug|ARM
		Debug|Mixed Platforms = Debug|Mixed Platforms
		Debug|x64 = Debug|x64
		Debug|x86 = Debug|x86
		Release|Any CPU = Release|Any CPU
		Release|ARM = Release|ARM
		Release|Mixed Platforms = Release|Mixed Platforms
		Release|x64 = Release|x64
		Release|x86 = Release|x86
	EndGlobalSection
	GlobalSection(ProjectConfigurationPlatforms) = postSolution
		{BB4F7CCC-4635-489E-8543-9E9133D17A04}.Debug|Any CPU.ActiveCfg = Debug|Any CPU
		{BB4F7CCC-4635-489E-8543-9E9133D17A04}.Debug|Any CPU.Build.0 = Debug|Any CPU
		{BB4F7CCC-4635-489E-8543-9E9133D17A04}.Debug|ARM.ActiveCfg = Debug|Any CPU
		{BB4F7CCC-4635-489E-8543-9E9133D17A04}.Debug|Mixed Platforms.ActiveCfg = Debug|Any CPU
		{BB4F7CCC-4635-489E-8543-9E9133D17A04}.Debug|Mixed Platforms.Build.0 = Debug|Any CPU
		{BB4F7CCC-4635-489E-8543-9E9133D17A04}.Debug|x64.ActiveCfg = Debug|Any CPU
		{BB4F7CCC-4635-489E-8543-9E9133D17A04}.Debug|x86.ActiveCfg = Debug|x86
		{BB4F7CCC-4635-489E-8543-9E9133D17A04}.Debug|x86.Build.0 = Debug|x86
		{BB4F7CCC-4635-489E-8543-9E9133D17A04}.Release|Any CPU.ActiveCfg = Release|Any CPU
		{BB4F7CCC-4635-489E-8543-9E9133D17A04}.Release|Any CPU.Build.0 = Release|Any CPU
		{BB4F7CCC-4635-489E-8543-9E9133D17A04}.Release|ARM.ActiveCfg = Release|Any CPU
		{BB4F7CCC-4635-489E-8543-9E9133D17A04}.Release|Mixed Platforms.ActiveCfg = Release|Any CPU
		{BB4F7CCC-4635-489E-8543-9E9133D17A04}.Release|Mixed Platforms.Build.0 = Release|Any CPU
		{BB4F7CCC-4635-489E-8543-9E9133D17A04}.Release|x64.ActiveCfg = Release|Any CPU
		{BB4F7CCC-4635-489E-8543-9E9133D17A04}.Release|x86.ActiveCfg = Release|Any CPU
		{29EE163E-1E4F-41C6-8FE6-179FBBB2174C}.Debug|Any CPU.ActiveCfg = Debug|Any CPU
		{29EE163E-1E4F-41C6-8FE6-179FBBB2174C}.Debug|Any CPU.Build.0 = Debug|Any CPU
		{29EE163E-1E4F-41C6-8FE6-179FBBB2174C}.Debug|ARM.ActiveCfg = Debug|Any CPU
		{29EE163E-1E4F-41C6-8FE6-179FBBB2174C}.Debug|Mixed Platforms.ActiveCfg = Debug|x86
		{29EE163E-1E4F-41C6-8FE6-179FBBB2174C}.Debug|Mixed Platforms.Build.0 = Debug|x86
		{29EE163E-1E4F-41C6-8FE6-179FBBB2174C}.Debug|x64.ActiveCfg = Debug|Any CPU
		{29EE163E-1E4F-41C6-8FE6-179FBBB2174C}.Debug|x86.ActiveCfg = Debug|x86
		{29EE163E-1E4F-41C6-8FE6-179FBBB2174C}.Debug|x86.Build.0 = Debug|x86
		{29EE163E-1E4F-41C6-8FE6-179FBBB2174C}.Release|Any CPU.ActiveCfg = Release|Any CPU
		{29EE163E-1E4F-41C6-8FE6-179FBBB2174C}.Release|Any CPU.Build.0 = Release|Any CPU
		{29EE163E-1E4F-41C6-8FE6-179FBBB2174C}.Release|ARM.ActiveCfg = Release|Any CPU
		{29EE163E-1E4F-41C6-8FE6-179FBBB2174C}.Release|Mixed Platforms.ActiveCfg = Release|x86
		{29EE163E-1E4F-41C6-8FE6-179FBBB2174C}.Release|Mixed Platforms.Build.0 = Release|x86
		{29EE163E-1E4F-41C6-8FE6-179FBBB2174C}.Release|x64.ActiveCfg = Release|Any CPU
		{29EE163E-1E4F-41C6-8FE6-179FBBB2174C}.Release|x86.ActiveCfg = Release|x86
		{29EE163E-1E4F-41C6-8FE6-179FBBB2174C}.Release|x86.Build.0 = Release|x86
		{EE76645A-E304-4E1E-BDAC-A54BA4085950}.Debug|Any CPU.ActiveCfg = Debug|Any CPU
		{EE76645A-E304-4E1E-BDAC-A54BA4085950}.Debug|Any CPU.Build.0 = Debug|Any CPU
		{EE76645A-E304-4E1E-BDAC-A54BA4085950}.Debug|ARM.ActiveCfg = Debug|Any CPU
		{EE76645A-E304-4E1E-BDAC-A54BA4085950}.Debug|Mixed Platforms.ActiveCfg = Debug|x86
		{EE76645A-E304-4E1E-BDAC-A54BA4085950}.Debug|Mixed Platforms.Build.0 = Debug|x86
		{EE76645A-E304-4E1E-BDAC-A54BA4085950}.Debug|x64.ActiveCfg = Debug|Any CPU
		{EE76645A-E304-4E1E-BDAC-A54BA4085950}.Debug|x86.ActiveCfg = Debug|x86
		{EE76645A-E304-4E1E-BDAC-A54BA4085950}.Debug|x86.Build.0 = Debug|x86
		{EE76645A-E304-4E1E-BDAC-A54BA4085950}.Release|Any CPU.ActiveCfg = Release|Any CPU
		{EE76645A-E304-4E1E-BDAC-A54BA4085950}.Release|Any CPU.Build.0 = Release|Any CPU
		{EE76645A-E304-4E1E-BDAC-A54BA4085950}.Release|ARM.ActiveCfg = Release|Any CPU
		{EE76645A-E304-4E1E-BDAC-A54BA4085950}.Release|Mixed Platforms.ActiveCfg = Release|x86
		{EE76645A-E304-4E1E-BDAC-A54BA4085950}.Release|Mixed Platforms.Build.0 = Release|x86
		{EE76645A-E304-4E1E-BDAC-A54BA4085950}.Release|x64.ActiveCfg = Release|Any CPU
		{EE76645A-E304-4E1E-BDAC-A54BA4085950}.Release|x86.ActiveCfg = Release|x86
		{EE76645A-E304-4E1E-BDAC-A54BA4085950}.Release|x86.Build.0 = Release|x86
		{5A69C22F-11D5-4A20-81CD-B3C3ABC380C7}.Debug|Any CPU.ActiveCfg = Debug|Any CPU
		{5A69C22F-11D5-4A20-81CD-B3C3ABC380C7}.Debug|Any CPU.Build.0 = Debug|Any CPU
		{5A69C22F-11D5-4A20-81CD-B3C3ABC380C7}.Debug|ARM.ActiveCfg = Debug|Any CPU
		{5A69C22F-11D5-4A20-81CD-B3C3ABC380C7}.Debug|Mixed Platforms.ActiveCfg = Debug|x86
		{5A69C22F-11D5-4A20-81CD-B3C3ABC380C7}.Debug|Mixed Platforms.Build.0 = Debug|x86
		{5A69C22F-11D5-4A20-81CD-B3C3ABC380C7}.Debug|x64.ActiveCfg = Debug|Any CPU
		{5A69C22F-11D5-4A20-81CD-B3C3ABC380C7}.Debug|x86.ActiveCfg = Debug|x86
		{5A69C22F-11D5-4A20-81CD-B3C3ABC380C7}.Debug|x86.Build.0 = Debug|x86
		{5A69C22F-11D5-4A20-81CD-B3C3ABC380C7}.Release|Any CPU.ActiveCfg = Release|Any CPU
		{5A69C22F-11D5-4A20-81CD-B3C3ABC380C7}.Release|Any CPU.Build.0 = Release|Any CPU
		{5A69C22F-11D5-4A20-81CD-B3C3ABC380C7}.Release|ARM.ActiveCfg = Release|Any CPU
		{5A69C22F-11D5-4A20-81CD-B3C3ABC380C7}.Release|Mixed Platforms.ActiveCfg = Release|x86
		{5A69C22F-11D5-4A20-81CD-B3C3ABC380C7}.Release|Mixed Platforms.Build.0 = Release|x86
		{5A69C22F-11D5-4A20-81CD-B3C3ABC380C7}.Release|x64.ActiveCfg = Release|Any CPU
		{5A69C22F-11D5-4A20-81CD-B3C3ABC380C7}.Release|x86.ActiveCfg = Release|x86
		{5A69C22F-11D5-4A20-81CD-B3C3ABC380C7}.Release|x86.Build.0 = Release|x86
		{73B999A5-065D-4305-9521-55BB0E2FD2D8}.Debug|Any CPU.ActiveCfg = Debug|Any CPU
		{73B999A5-065D-4305-9521-55BB0E2FD2D8}.Debug|Any CPU.Build.0 = Debug|Any CPU
		{73B999A5-065D-4305-9521-55BB0E2FD2D8}.Debug|ARM.ActiveCfg = Debug|Any CPU
		{73B999A5-065D-4305-9521-55BB0E2FD2D8}.Debug|Mixed Platforms.ActiveCfg = Debug|Any CPU
		{73B999A5-065D-4305-9521-55BB0E2FD2D8}.Debug|Mixed Platforms.Build.0 = Debug|Any CPU
		{73B999A5-065D-4305-9521-55BB0E2FD2D8}.Debug|x64.ActiveCfg = Debug|Any CPU
		{73B999A5-065D-4305-9521-55BB0E2FD2D8}.Debug|x86.ActiveCfg = Debug|Any CPU
		{73B999A5-065D-4305-9521-55BB0E2FD2D8}.Release|Any CPU.ActiveCfg = Release|Any CPU
		{73B999A5-065D-4305-9521-55BB0E2FD2D8}.Release|Any CPU.Build.0 = Release|Any CPU
		{73B999A5-065D-4305-9521-55BB0E2FD2D8}.Release|ARM.ActiveCfg = Release|Any CPU
		{73B999A5-065D-4305-9521-55BB0E2FD2D8}.Release|Mixed Platforms.ActiveCfg = Release|Any CPU
		{73B999A5-065D-4305-9521-55BB0E2FD2D8}.Release|Mixed Platforms.Build.0 = Release|Any CPU
		{73B999A5-065D-4305-9521-55BB0E2FD2D8}.Release|x64.ActiveCfg = Release|Any CPU
		{73B999A5-065D-4305-9521-55BB0E2FD2D8}.Release|x86.ActiveCfg = Release|Any CPU
	EndGlobalSection
	GlobalSection(SolutionProperties) = preSolution
		HideSolutionNode = FALSE
	EndGlobalSection
	GlobalSection(NDepend) = preSolution
		Project = ".\CLEyeServer.ndproj"
	EndGlobalSection
EndGlobal
